<?xml version="1.0" encoding="utf-8"?>
<Project ToolsVersion="4.0" xmlns="http://schemas.microsoft.com/developer/msbuild/2003">
  <ItemGroup>
    <Filter Include="Source Files">
      <UniqueIdentifier>{4FC737F1-C7A5-4376-A066-2A32D752A2FF}</UniqueIdentifier>
      <Extensions>cpp;c;cc;cxx;def;odl;idl;hpj;bat;asm;asmx</Extensions>
    </Filter>
    <Filter Include="Source Files\Application">
      <UniqueIdentifier>{20F7E82E-20E4-4F01-89C5-4E3C82AF31C6}</UniqueIdentifier>
    </Filter>
    <Filter Include="Source Files\Core">
      <UniqueIdentifier>{CE7B21B7-18BC-4E3B-8B7E-95E6AEB7C9B8}</UniqueIdentifier>
    </Filter>
    <Filter Include="Source Files\Input">
      <UniqueIdentifier>{9C67E0D8-89FF-4E2F-B22D-0211E74603D6}</UniqueIdentifier>
    </Filter>
    <Filter Include="Source Files\Logging">
      <UniqueIdentifier>{E6CBA7A1-21EF-4B49-9CE0-9D0F2BA4EF27}</UniqueIdentifier>
    </Filter>
    <Filter Include="Header Files">
      <UniqueIdentifier>{93995380-89BD-4b04-88EB-625FBE52EBFB}</UniqueIdentifier>
      <Extensions>h;hh;hpp;hxx;hm;inl;inc;xsd</Extensions>
    </Filter>
    <Filter Include="Header Files\Application">
      <UniqueIdentifier>{B6F71A0B-4F23-4CF7-8E5A-B019A765D17A}</UniqueIdentifier>
    </Filter>
    <Filter Include="Header Files\Core">
      <UniqueIdentifier>{96D579D9-49AB-4F3A-A1FA-3F7E6DAEB8A2}</UniqueIdentifier>
    </Filter>
    <Filter Include="Header Files\Infrastructure">
      <UniqueIdentifier>{042B5721-8814-4A16-9C39-6B93B51B4C0A}</UniqueIdentifier>
    </Filter>
    <Filter Include="Header Files\Input">
      <UniqueIdentifier>{EAE4FDE1-2398-4A25-ADBE-2F4CE752D2F5}</UniqueIdentifier>
    </Filter>
    <Filter Include="Header Files\Logging">
      <UniqueIdentifier>{CF0E8D47-3A84-4E3F-8EFC-6F9A5A22D5E1}</UniqueIdentifier>
    </Filter>
    <Filter Include="Header Files\Utilities">
      <UniqueIdentifier>{5AB6D63F-195E-489F-8C0C-0D822F3E0C99}</UniqueIdentifier>
    </Filter>
    <Filter Include="Header Files\Libraries">
      <UniqueIdentifier>{8CC569E9-A5D3-47F5-8B45-AED7C60D5D7A}</UniqueIdentifier>
    </Filter>
    <Filter Include="Resource Files">
      <UniqueIdentifier>{67DA6AB6-F800-4c08-8B7A-83BB121AAD01}</UniqueIdentifier>
      <Extensions>rc;ico;cur;bmp;dlg;rc2;rct;bin;rgs;gif;jpg;jpeg;jpe;resx;tiff;tif;png;wav;mfcribbon-ms</Extensions>
    </Filter>
    <Filter Include="Resource Files\Application">
      <UniqueIdentifier>{5B8F27D9-9A9C-4238-BF87-6F5F92B93AF3}</UniqueIdentifier>
    </Filter>
    <Filter Include="Libs">
      <UniqueIdentifier>{7ac4fec9-7ec5-4170-9303-62fcbb82d0a0}</UniqueIdentifier>
    </Filter>
  </ItemGroup>
  <ItemGroup>
    <ClInclude Include="Application\MainForm.h">
      <Filter>Header Files\Application</Filter>
    </ClInclude>
    <ClInclude Include="Application\MainForm.Controls.h">
      <Filter>Header Files\Application</Filter>
    </ClInclude>
    <ClInclude Include="Application\MainForm.EventHandlers.h">
      <Filter>Header Files\Application</Filter>
    </ClInclude>
    <ClInclude Include="Application\MainForm.Internal.h">
      <Filter>Header Files\Application</Filter>
    </ClInclude>
    <ClInclude Include="Application\MainForm.MapRusher.h">
      <Filter>Header Files\Application</Filter>
    </ClInclude>
    <ClInclude Include="Application\Macro.h">
      <Filter>Header Files\Application</Filter>
    </ClInclude>
    <ClInclude Include="Application\Settings.h">
      <Filter>Header Files\Application</Filter>
    </ClInclude>
    <ClInclude Include="Core\Inventory.h">
      <Filter>Header Files\Core</Filter>
    </ClInclude>
    <ClInclude Include="Core\Packet.h">
      <Filter>Header Files\Core</Filter>
    </ClInclude>
    <ClInclude Include="Core\Structs.h">
      <Filter>Header Files\Core</Filter>
    </ClInclude>
    <ClInclude Include="Infrastructure\Addresses.h">
      <Filter>Header Files\Infrastructure</Filter>
    </ClInclude>
    <ClInclude Include="Infrastructure\Assembly.h">
      <Filter>Header Files\Infrastructure</Filter>
    </ClInclude>
    <ClInclude Include="Infrastructure\Hooks.h">
      <Filter>Header Files\Infrastructure</Filter>
    </ClInclude>
    <ClInclude Include="Infrastructure\MapleFunctions.h">
      <Filter>Header Files\Infrastructure</Filter>
    </ClInclude>
    <ClInclude Include="Infrastructure\Memory.h">
      <Filter>Header Files\Infrastructure</Filter>
    </ClInclude>
    <ClInclude Include="Input\Keyboard.h">
      <Filter>Header Files\Input</Filter>
    </ClInclude>
    <ClInclude Include="Input\Mouse.h">
      <Filter>Header Files\Input</Filter>
    </ClInclude>
    <ClInclude Include="Libraries\detours.h">
      <Filter>Header Files\Libraries</Filter>
    </ClInclude>
    <ClInclude Include="Logging\Log.h">
      <Filter>Header Files\Logging</Filter>
    </ClInclude>
    <ClInclude Include="Utilities\GeneralFunctions.h">
      <Filter>Header Files\Utilities</Filter>
    </ClInclude>
    <ClInclude Include="Utilities\HelperFunctions.h">
      <Filter>Header Files\Utilities</Filter>
    </ClInclude>
    <ClInclude Include="Resources\resource.h">
      <Filter>Resource Files</Filter>
    </ClInclude>
  </ItemGroup>
  <ItemGroup>
    <ClCompile Include="Application\MainForm.cpp">
      <Filter>Source Files\Application</Filter>
    </ClCompile>
    <ClCompile Include="Application\MainForm.Bots.cpp">
      <Filter>Source Files\Application</Filter>
    </ClCompile>
    <ClCompile Include="Application\MainForm.Designer.cpp">
      <Filter>Source Files\Application</Filter>
    </ClCompile>
    <ClCompile Include="Application\MainForm.Filters.cpp">
      <Filter>Source Files\Application</Filter>
    </ClCompile>
    <ClCompile Include="Application\MainForm.Hacks.cpp">
      <Filter>Source Files\Application</Filter>
    </ClCompile>
    <ClCompile Include="Application\MainForm.MapRusher.cpp">
      <Filter>Source Files\Application</Filter>
    </ClCompile>
    <ClCompile Include="Application\MainForm.Packets.cpp">
      <Filter>Source Files\Application</Filter>
    </ClCompile>
    <ClCompile Include="Application\MainForm.Testing.cpp">
      <Filter>Source Files\Application</Filter>
    </ClCompile>
    <ClCompile Include="Application\Settings.cpp">
      <Filter>Source Files\Application</Filter>
    </ClCompile>
    <ClCompile Include="Core\Inventory.cpp">
      <Filter>Source Files\Core</Filter>
    </ClCompile>
    <ClCompile Include="Core\Packet.cpp">
      <Filter>Source Files\Core</Filter>
    </ClCompile>
    <ClCompile Include="Input\Mouse.cpp">
      <Filter>Source Files\Input</Filter>
    </ClCompile>
    <ClCompile Include="Logging\Log.cpp">
      <Filter>Source Files\Logging</Filter>
    </ClCompile>
  </ItemGroup>
  <ItemGroup>
    <EmbeddedResource Include="Application\MainForm.resx">
      <Filter>Resource Files\Application</Filter>
    </EmbeddedResource>
  </ItemGroup>
  <ItemGroup>
    <ResourceCompile Include="Resources\Timelapse.rc">
      <Filter>Resource Files</Filter>
    </ResourceCompile>
  </ItemGroup>
  <ItemGroup>
    <Image Include="..\Timelapse.ico">
      <Filter>Resource Files</Filter>
    </Image>
  </ItemGroup>
  <ItemGroup>
    <None Include="..\LICENSE" />
    <None Include="..\README.md" />
    <None Include="ClassDiagram.cd" />
  </ItemGroup>
  <ItemGroup>
    <Library Include="Libraries\detours.lib">
      <Filter>Libs</Filter>
    </Library>
  </ItemGroup>
</Project>